
Microsoft Visual Studio Solution File, Format Version 12.00
# Visual Studio 15
VisualStudioVersion = 15.0.27130.2003
MinimumVisualStudioVersion = 10.0.40219.1
Project("{FAE04EC0-301F-11D3-BF4B-00C04F79EFBC}") = "GCode_Edit", "GCode_Edit\GCode_Edit.csproj", "{0EBAD0F9-C43E-4239-BB7A-FE082206F22C}"
EndProject
Global
	GlobalSection(SolutionConfigurationPlatforms) = preSolution
		Debug|Any CPU = Debug|Any CPU
		Release|Any CPU = Release|Any CPU
	EndGlobalSection
	GlobalSection(ProjectConfigurationPlatforms) = postSolution
		{0EBAD0F9-C43E-4239-BB7A-FE082206F22C}.Debug|Any CPU.ActiveCfg = Debug|Any CPU
		{0EBAD0F9-C43E-4239-BB7A-FE082206F22C}.Debug|Any CPU.Build.0 = Debug|Any CPU
		{0EBAD0F9-C43E-4239-BB7A-FE082206F22C}.Release|Any CPU.ActiveCfg = Release|Any CPU
		{0EBAD0F9-C43E-4239-BB7A-FE082206F22C}.Release|Any CPU.Build.0 = Release|Any CPU
	EndGlobalSection
	GlobalSection(SolutionProperties) = preSolution
		HideSolutionNode = FALSE
	EndGlobalSection
	GlobalSection(ExtensibilityGlobals) = postSolution
		SolutionGuid = {56DA2128-DC0D-4CAE-8CB9-38DCF920B4DC}
	EndGlobalSection
EndGlobal
